
Microsoft Visual Studio Solution File, Format Version 12.00
# Visual Studio Version 16
VisualStudioVersion = 16.0.31702.278
MinimumVisualStudioVersion = 10.0.40219.1
Project("{8BC9CEB8-8B4A-11D0-8D11-00A0C91BC942}") = "CastleBuilder", "CastleBuilder\CastleBuilder.vcxproj", "{E5A7A230-8616-44AB-BB19-35DD5E26C46C}"
EndProject
Global
	GlobalSection(SolutionConfigurationPlatforms) = preSolution
		Debug|x64 = Debug|x64
		Debug|x86 = Debug|x86
		Release|x64 = Release|x64
		Release|x86 = Release|x86
	EndGlobalSection
	GlobalSection(ProjectConfigurationPlatforms) = postSolution
		{E5A7A230-8616-44AB-BB19-35DD5E26C46C}.Debug|x64.ActiveCfg = Debug|x64
		{E5A7A230-8616-44AB-BB19-35DD5E26C46C}.Debug|x64.Build.0 = Debug|x64
		{E5A7A230-8616-44AB-BB19-35DD5E26C46C}.Debug|x86.ActiveCfg = Debug|Win32
		{E5A7A230-8616-44AB-BB19-35DD5E26C46C}.Debug|x86.Build.0 = Debug|Win32
		{E5A7A230-8616-44AB-BB19-35DD5E26C46C}.Release|x64.ActiveCfg = Release|x64
		{E5A7A230-8616-44AB-BB19-35DD5E26C46C}.Release|x64.Build.0 = Release|x64
		{E5A7A230-8616-44AB-BB19-35DD5E26C46C}.Release|x86.ActiveCfg = Release|Win32
		{E5A7A230-8616-44AB-BB19-35DD5E26C46C}.Release|x86.Build.0 = Release|Win32
	EndGlobalSection
	GlobalSection(SolutionProperties) = preSolution
		HideSolutionNode = FALSE
	EndGlobalSection
	GlobalSection(ExtensibilityGlobals) = postSolution
		SolutionGuid = {41DD1744-DB7D-4559-9849-6F9ADEEB9B67}
	EndGlobalSection
EndGlobal
